// !$*UTF8*$!
{
	archiveVersion = 1;
	classes = {
	};
	objectVersion = 55;
	objects = {

/* Begin PBXBuildFile section */
		0B534E2928893DA600A3C73A /* AppDelegate.swift in Sources */ = {isa = PBXBuildFile; fileRef = 0B534E2828893DA600A3C73A /* AppDelegate.swift */; };
		0B534E2B28893DA600A3C73A /* SceneDelegate.swift in Sources */ = {isa = PBXBuildFile; fileRef = 0B534E2A28893DA600A3C73A /* SceneDelegate.swift */; };
		0B534E2D28893DA600A3C73A /* ViewController.swift in Sources */ = {isa = PBXBuildFile; fileRef = 0B534E2C28893DA600A3C73A /* ViewController.swift */; };
		0B534E3028893DA600A3C73A /* Main.storyboard in Resources */ = {isa = PBXBuildFile; fileRef = 0B534E2E28893DA600A3C73A /* Main.storyboard */; };
		0B534E3228893DA600A3C73A /* Assets.xcassets in Resources */ = {isa = PBXBuildFile; fileRef = 0B534E3128893DA600A3C73A /* Assets.xcassets */; };
		0B534E3528893DA600A3C73A /* LaunchScreen.storyboard in Resources */ = {isa = PBXBuildFile; fileRef = 0B534E3328893DA600A3C73A /* LaunchScreen.storyboard */; };
		0B534E4028893DA600A3C73A /* SomeDemoTests.swift in Sources */ = {isa = PBXBuildFile; fileRef = 0B534E3F28893DA600A3C73A /* SomeDemoTests.swift */; };
		0B534E4A28893DA600A3C73A /* SomeDemoUITests.swift in Sources */ = {isa = PBXBuildFile; fileRef = 0B534E4928893DA600A3C73A /* SomeDemoUITests.swift */; };
		0B534E4C28893DA600A3C73A /* SomeDemoUITestsLaunchTests.swift in Sources */ = {isa = PBXBuildFile; fileRef = 0B534E4B28893DA600A3C73A /* SomeDemoUITestsLaunchTests.swift */; };
		0B534E5928893DDD00A3C73A /* GroupCircleView.swift in Sources */ = {isa = PBXBuildFile; fileRef = 0B534E5828893DDD00A3C73A /* GroupCircleView.swift */; };
		0B534E5B28893E1F00A3C73A /* GlobalUtils.swift in Sources */ = {isa = PBXBuildFile; fileRef = 0B534E5A28893E1F00A3C73A /* GlobalUtils.swift */; };
/* End PBXBuildFile section */

/* Begin PBXContainerItemProxy section */
		0B534E3C28893DA600A3C73A /* PBXContainerItemProxy */ = {
			isa = PBXContainerItemProxy;
			containerPortal = 0B534E1D28893DA600A3C73A /* Project object */;
			proxyType = 1;
			remoteGlobalIDString = 0B534E2428893DA600A3C73A;
			remoteInfo = SomeDemo;
		};
		0B534E4628893DA600A3C73A /* PBXContainerItemProxy */ = {
			isa = PBXContainerItemProxy;
			containerPortal = 0B534E1D28893DA600A3C73A /* Project object */;
			proxyType = 1;
			remoteGlobalIDString = 0B534E2428893DA600A3C73A;
			remoteInfo = SomeDemo;
		};
/* End PBXContainerItemProxy section */

/* Begin PBXFileReference section */
		0B534E2528893DA600A3C73A /* SomeDemo.app */ = {isa = PBXFileReference; explicitFileType = wrapper.application; includeInIndex = 0; path = SomeDemo.app; sourceTree = BUILT_PRODUCTS_DIR; };
		0B534E2828893DA600A3C73A /* AppDelegate.swift */ = {isa = PBXFileReference; lastKnownFileType = sourcecode.swift; path = AppDelegate.swift; sourceTree = "<group>"; };
		0B534E2A28893DA600A3C73A /* SceneDelegate.swift */ = {isa = PBXFileReference; lastKnownFileType = sourcecode.swift; path = SceneDelegate.swift; sourceTree = "<group>"; };
		0B534E2C28893DA600A3C73A /* ViewController.swift */ = {isa = PBXFileReference; lastKnownFileType = sourcecode.swift; path = ViewController.swift; sourceTree = "<group>"; };
		0B534E2F28893DA600A3C73A /* Base */ = {isa = PBXFileReference; lastKnownFileType = file.storyboard; name = Base; path = Base.lproj/Main.storyboard; sourceTree = "<group>"; };
		0B534E3128893DA600A3C73A /* Assets.xcassets */ = {isa = PBXFileReference; lastKnownFileType = folder.assetcatalog; path = Assets.xcassets; sourceTree = "<group>"; };
		0B534E3428893DA600A3C73A /* Base */ = {isa = PBXFileReference; lastKnownFileType = file.storyboard; name = Base; path = Base.lproj/LaunchScreen.storyboard; sourceTree = "<group>"; };
		0B534E3628893DA600A3C73A /* Info.plist */ = {isa = PBXFileReference; lastKnownFileType = text.plist.xml; path = Info.plist; sourceTree = "<group>"; };
		0B534E3B28893DA600A3C73A /* SomeDemoTests.xctest */ = {isa = PBXFileReference; explicitFileType = wrapper.cfbundle; includeInIndex = 0; path = SomeDemoTests.xctest; sourceTree = BUILT_PRODUCTS_DIR; };
		0B534E3F28893DA600A3C73A /* SomeDemoTests.swift */ = {isa = PBXFileReference; lastKnownFileType = sourcecode.swift; path = SomeDemoTests.swift; sourceTree = "<group>"; };
		0B534E4528893DA600A3C73A /* SomeDemoUITests.xctest */ = {isa = PBXFileReference; explicitFileType = wrapper.cfbundle; includeInIndex = 0; path = SomeDemoUITests.xctest; sourceTree = BUILT_PRODUCTS_DIR; };
		0B534E4928893DA600A3C73A /* SomeDemoUITests.swift */ = {isa = PBXFileReference; lastKnownFileType = sourcecode.swift; path = SomeDemoUITests.swift; sourceTree = "<group>"; };
		0B534E4B28893DA600A3C73A /* SomeDemoUITestsLaunchTests.swift */ = {isa = PBXFileReference; lastKnownFileType = sourcecode.swift; path = SomeDemoUITestsLaunchTests.swift; sourceTree = "<group>"; };
		0B534E5828893DDD00A3C73A /* GroupCircleView.swift */ = {isa = PBXFileReference; lastKnownFileType = sourcecode.swift; path = GroupCircleView.swift; sourceTree = "<group>"; };
		0B534E5A28893E1F00A3C73A /* GlobalUtils.swift */ = {isa = PBXFileReference; lastKnownFileType = sourcecode.swift; path = GlobalUtils.swift; sourceTree = "<group>"; };
/* End PBXFileReference section */

/* Begin PBXFrameworksBuildPhase section */
		0B534E2228893DA600A3C73A /* Frameworks */ = {
			isa = PBXFrameworksBuildPhase;
			buildActionMask = 2147483647;
			files = (
			);
			runOnlyForDeploymentPostprocessing = 0;
		};
		0B534E3828893DA600A3C73A /* Frameworks */ = {
			isa = PBXFrameworksBuildPhase;
			buildActionMask = 2147483647;
			files = (
			);
			runOnlyForDeploymentPostprocessing = 0;
		};
		0B534E4228893DA600A3C73A /* Frameworks */ = {
			isa = PBXFrameworksBuildPhase;
			buildActionMask = 2147483647;
			files = (
			);
			runOnlyForDeploymentPostprocessing = 0;
		};
/* End PBXFrameworksBuildPhase section */

/* Begin PBXGroup section */
		0B534E1C28893DA600A3C73A = {
			isa = PBXGroup;
			children = (
				0B534E2728893DA600A3C73A /* SomeDemo */,
				0B534E3E28893DA600A3C73A /* SomeDemoTests */,
				0B534E4828893DA600A3C73A /* SomeDemoUITests */,
				0B534E2628893DA600A3C73A /* Products */,
			);
			sourceTree = "<group>";
		};
		0B534E2628893DA600A3C73A /* Products */ = {
			isa = PBXGroup;
			children = (
				0B534E2528893DA600A3C73A /* SomeDemo.app */,
				0B534E3B28893DA600A3C73A /* SomeDemoTests.xctest */,
				0B534E4528893DA600A3C73A /* SomeDemoUITests.xctest */,
			);
			name = Products;
			sourceTree = "<group>";
		};
		0B534E2728893DA600A3C73A /* SomeDemo */ = {
			isa = PBXGroup;
			children = (
				0B534E2828893DA600A3C73A /* AppDelegate.swift */,
				0B534E2A28893DA600A3C73A /* SceneDelegate.swift */,
				0B534E2C28893DA600A3C73A /* ViewController.swift */,
				0B534E2E28893DA600A3C73A /* Main.storyboard */,
				0B534E3128893DA600A3C73A /* Assets.xcassets */,
				0B534E3328893DA600A3C73A /* LaunchScreen.storyboard */,
				0B534E3628893DA600A3C73A /* Info.plist */,
				0B534E5828893DDD00A3C73A /* GroupCircleView.swift */,
				0B534E5A28893E1F00A3C73A /* GlobalUtils.swift */,
			);
			path = SomeDemo;
			sourceTree = "<group>";
		};
		0B534E3E28893DA600A3C73A /* SomeDemoTests */ = {
			isa = PBXGroup;
			children = (
				0B534E3F28893DA600A3C73A /* SomeDemoTests.swift */,
			);
			path = SomeDemoTests;
			sourceTree = "<group>";
		};
		0B534E4828893DA600A3C73A /* SomeDemoUITests */ = {
			isa = PBXGroup;
			children = (
				0B534E4928893DA600A3C73A /* SomeDemoUITests.swift */,
				0B534E4B28893DA600A3C73A /* SomeDemoUITestsLaunchTests.swift */,
			);
			path = SomeDemoUITests;
			sourceTree = "<group>";
		};
/* End PBXGroup section */

/* Begin PBXNativeTarget section */
		0B534E2428893DA600A3C73A /* SomeDemo */ = {
			isa = PBXNativeTarget;
			buildConfigurationList = 0B534E4F28893DA600A3C73A /* Build configuration list for PBXNativeTarget "SomeDemo" */;
			buildPhases = (
				0B534E2128893DA600A3C73A /* Sources */,
				0B534E2228893DA600A3C73A /* Frameworks */,
				0B534E2328893DA600A3C73A /* Resources */,
			);
			buildRules = (
			);
			dependencies = (
			);
			name = SomeDemo;
			productName = SomeDemo;
			productReference = 0B534E2528893DA600A3C73A /* SomeDemo.app */;
			productType = "com.apple.product-type.application";
		};
		0B534E3A28893DA600A3C73A /* SomeDemoTests */ = {
			isa = PBXNativeTarget;
			buildConfigurationList = 0B534E5228893DA600A3C73A /* Build configuration list for PBXNativeTarget "SomeDemoTests" */;
			buildPhases = (
				0B534E3728893DA600A3C73A /* Sources */,
				0B534E3828893DA600A3C73A /* Frameworks */,
				0B534E3928893DA600A3C73A /* Resources */,
			);
			buildRules = (
			);
			dependencies = (
				0B534E3D28893DA600A3C73A /* PBXTargetDependency */,
			);
			name = SomeDemoTests;
			productName = SomeDemoTests;
			productReference = 0B534E3B28893DA600A3C73A /* SomeDemoTests.xctest */;
			productType = "com.apple.product-type.bundle.unit-test";
		};
		0B534E4428893DA600A3C73A /* SomeDemoUITests */ = {
			isa = PBXNativeTarget;
			buildConfigurationList = 0B534E5528893DA600A3C73A /* Build configuration list for PBXNativeTarget "SomeDemoUITests" */;
			buildPhases = (
				0B534E4128893DA600A3C73A /* Sources */,
				0B534E4228893DA600A3C73A /* Frameworks */,
				0B534E4328893DA600A3C73A /* Resources */,
			);
			buildRules = (
			);
			dependencies = (
				0B534E4728893DA600A3C73A /* PBXTargetDependency */,
			);
			name = SomeDemoUITests;
			productName = SomeDemoUITests;
			productReference = 0B534E4528893DA600A3C73A /* SomeDemoUITests.xctest */;
			productType = "com.apple.product-type.bundle.ui-testing";
		};
/* End PBXNativeTarget section */

/* Begin PBXProject section */
		0B534E1D28893DA600A3C73A /* Project object */ = {
			isa = PBXProject;
			attributes = {
				BuildIndependentTargetsInParallel = 1;
				LastSwiftUpdateCheck = 1340;
				LastUpgradeCheck = 1340;
				TargetAttributes = {
					0B534E2428893DA600A3C73A = {
						CreatedOnToolsVersion = 13.4.1;
					};
					0B534E3A28893DA600A3C73A = {
						CreatedOnToolsVersion = 13.4.1;
						TestTargetID = 0B534E2428893DA600A3C73A;
					};
					0B534E4428893DA600A3C73A = {
						CreatedOnToolsVersion = 13.4.1;
						TestTargetID = 0B534E2428893DA600A3C73A;
					};
				};
			};
			buildConfigurationList = 0B534E2028893DA600A3C73A /* Build configuration list for PBXProject "SomeDemo" */;
			compatibilityVersion = "Xcode 13.0";
			developmentRegion = en;
			hasScannedForEncodings = 0;
			knownRegions = (
				en,
				Base,
			);
			mainGroup = 0B534E1C28893DA600A3C73A;
			productRefGroup = 0B534E2628893DA600A3C73A /* Products */;
			projectDirPath = "";
			projectRoot = "";
			targets = (
				0B534E2428893DA600A3C73A /* SomeDemo */,
				0B534E3A28893DA600A3C73A /* SomeDemoTests */,
				0B534E4428893DA600A3C73A /* SomeDemoUITests */,
			);
		};
/* End PBXProject section */

/* Begin PBXResourcesBuildPhase section */
		0B534E2328893DA600A3C73A /* Resources */ = {
			isa = PBXResourcesBuildPhase;
			buildActionMask = 2147483647;
			files = (
				0B534E3528893DA600A3C73A /* LaunchScreen.storyboard in Resources */,
				0B534E3228893DA600A3C73A /* Assets.xcassets in Resources */,
				0B534E3028893DA600A3C73A /* Main.storyboard in Resources */,
			);
			runOnlyForDeploymentPostprocessing = 0;
		};
		0B534E3928893DA600A3C73A /* Resources */ = {
			isa = PBXResourcesBuildPhase;
			buildActionMask = 2147483647;
			files = (
			);
			runOnlyForDeploymentPostprocessing = 0;
		};
		0B534E4328893DA600A3C73A /* Resources */ = {
			isa = PBXResourcesBuildPhase;
			buildActionMask = 2147483647;
			files = (
			);
			runOnlyForDeploymentPostprocessing = 0;
		};
/* End PBXResourcesBuildPhase section */

/* Begin PBXSourcesBuildPhase section */
		0B534E2128893DA600A3C73A /* Sources */ = {
			isa = PBXSourcesBuildPhase;
			buildActionMask = 2147483647;
			files = (
				0B534E2D28893DA600A3C73A /* ViewController.swift in Sources */,
				0B534E5B28893E1F00A3C73A /* GlobalUtils.swift in Sources */,
				0B534E2928893DA600A3C73A /* AppDelegate.swift in Sources */,
				0B534E5928893DDD00A3C73A /* GroupCircleView.swift in Sources */,
				0B534E2B28893DA600A3C73A /* SceneDelegate.swift in Sources */,
			);
			runOnlyForDeploymentPostprocessing = 0;
		};
		0B534E3728893DA600A3C73A /* Sources */ = {
			isa = PBXSourcesBuildPhase;
			buildActionMask = 2147483647;
			files = (
				0B534E4028893DA600A3C73A /* SomeDemoTests.swift in Sources */,
			);
			runOnlyForDeploymentPostprocessing = 0;
		};
		0B534E4128893DA600A3C73A /* Sources */ = {
			isa = PBXSourcesBuildPhase;
			buildActionMask = 2147483647;
			files = (
				0B534E4C28893DA600A3C73A /* SomeDemoUITestsLaunchTests.swift in Sources */,
				0B534E4A28893DA600A3C73A /* SomeDemoUITests.swift in Sources */,
			);
			runOnlyForDeploymentPostprocessing = 0;
		};
/* End PBXSourcesBuildPhase section */

/* Begin PBXTargetDependency section */
		0B534E3D28893DA600A3C73A /* PBXTargetDependency */ = {
			isa = PBXTargetDependency;
			target = 0B534E2428893DA600A3C73A /* SomeDemo */;
			targetProxy = 0B534E3C28893DA600A3C73A /* PBXContainerItemProxy */;
		};
		0B534E4728893DA600A3C73A /* PBXTargetDependency */ = {
			isa = PBXTargetDependency;
			target = 0B534E2428893DA600A3C73A /* SomeDemo */;
			targetProxy = 0B534E4628893DA600A3C73A /* PBXContainerItemProxy */;
		};
/* End PBXTargetDependency section */

/* Begin PBXVariantGroup section */
		0B534E2E28893DA600A3C73A /* Main.storyboard */ = {
			isa = PBXVariantGroup;
			children = (
				0B534E2F28893DA600A3C73A /* Base */,
			);
			name = Main.storyboard;
			sourceTree = "<group>";
		};
		0B534E3328893DA600A3C73A /* LaunchScreen.storyboard */ = {
			isa = PBXVariantGroup;
			children = (
				0B534E3428893DA600A3C73A /* Base */,
			);
			name = LaunchScreen.storyboard;
			sourceTree = "<group>";
		};
/* End PBXVariantGroup section */

/* Begin XCBuildConfiguration section */
		0B534E4D28893DA600A3C73A /* Debug */ = {
			isa = XCBuildConfiguration;
			buildSettings = {
				ALWAYS_SEARCH_USER_PATHS = NO;
				CLANG_ANALYZER_NONNULL = YES;
				CLANG_ANALYZER_NUMBER_OBJECT_CONVERSION = YES_AGGRESSIVE;
				CLANG_CXX_LANGUAGE_STANDARD = "gnu++17";
				CLANG_ENABLE_MODULES = YES;
				CLANG_ENABLE_OBJC_ARC = YES;
				CLANG_ENABLE_OBJC_WEAK = YES;
				CLANG_WARN_BLOCK_CAPTURE_AUTORELEASING = YES;
				CLANG_WARN_BOOL_CONVERSION = YES;
				CLANG_WARN_COMMA = YES;
				CLANG_WARN_CONSTANT_CONVERSION = YES;
				CLANG_WARN_DEPRECATED_OBJC_IMPLEMENTATIONS = YES;
				CLANG_WARN_DIRECT_OBJC_ISA_USAGE = YES_ERROR;
				CLANG_WARN_DOCUMENTATION_COMMENTS = YES;
				CLANG_WARN_EMPTY_BODY = YES;
				CLANG_WARN_ENUM_CONVERSION = YES;
				CLANG_WARN_INFINITE_RECURSION = YES;
				CLANG_WARN_INT_CONVERSION = YES;
				CLANG_WARN_NON_LITERAL_NULL_CONVERSION = YES;
				CLANG_WARN_OBJC_IMPLICIT_RETAIN_SELF = YES;
				CLANG_WARN_OBJC_LITERAL_CONVERSION = YES;
				CLANG_WARN_OBJC_ROOT_CLASS = YES_ERROR;
				CLANG_WARN_QUOTED_INCLUDE_IN_FRAMEWORK_HEADER = YES;
				CLANG_WARN_RANGE_LOOP_ANALYSIS = YES;
				CLANG_WARN_STRICT_PROTOTYPES = YES;
				CLANG_WARN_SUSPICIOUS_MOVE = YES;
				CLANG_WARN_UNGUARDED_AVAILABILITY = YES_AGGRESSIVE;
				CLANG_WARN_UNREACHABLE_CODE = YES;
				CLANG_WARN__DUPLICATE_METHOD_MATCH = YES;
				COPY_PHASE_STRIP = NO;
				DEBUG_INFORMATION_FORMAT = dwarf;
				ENABLE_STRICT_OBJC_MSGSEND = YES;
				ENABLE_TESTABILITY = YES;
				GCC_C_LANGUAGE_STANDARD = gnu11;
				GCC_DYNAMIC_NO_PIC = NO;
				GCC_NO_COMMON_BLOCKS = YES;
				GCC_OPTIMIZATION_LEVEL = 0;
				GCC_PREPROCESSOR_DEFINITIONS = (
					"DEBUG=1",
					"$(inherited)",
				);
				GCC_WARN_64_TO_32_BIT_CONVERSION = YES;
				GCC_WARN_ABOUT_RETURN_TYPE = YES_ERROR;
				GCC_WARN_UNDECLARED_SELECTOR = YES;
				GCC_WARN_UNINITIALIZED_AUTOS = YES_AGGRESSIVE;
				GCC_WARN_UNUSED_FUNCTION = YES;
				GCC_WARN_UNUSED_VARIABLE = YES;
				IPHONEOS_DEPLOYMENT_TARGET = 15.5;
				MTL_ENABLE_DEBUG_INFO = INCLUDE_SOURCE;
				MTL_FAST_MATH = YES;
				ONLY_ACTIVE_ARCH = YES;
				SDKROOT = iphoneos;
				SWIFT_ACTIVE_COMPILATION_CONDITIONS = DEBUG;
				SWIFT_OPTIMIZATION_LEVEL = "-Onone";
			};
			name = Debug;
		};
		0B534E4E28893DA600A3C73A /* Release */ = {
			isa = XCBuildConfiguration;
			buildSettings = {
				ALWAYS_SEARCH_USER_PATHS = NO;
				CLANG_ANALYZER_NONNULL = YES;
				CLANG_ANALYZER_NUMBER_OBJECT_CONVERSION = YES_AGGRESSIVE;
				CLANG_CXX_LANGUAGE_STANDARD = "gnu++17";
				CLANG_ENABLE_MODULES = YES;
				CLANG_ENABLE_OBJC_ARC = YES;
				CLANG_ENABLE_OBJC_WEAK = YES;
				CLANG_WARN_BLOCK_CAPTURE_AUTORELEASING = YES;
				CLANG_WARN_BOOL_CONVERSION = YES;
				CLANG_WARN_COMMA = YES;
				CLANG_WARN_CONSTANT_CONVERSION = YES;
				CLANG_WARN_DEPRECATED_OBJC_IMPLEMENTATIONS = YES;
				CLANG_WARN_DIRECT_OBJC_ISA_USAGE = YES_ERROR;
				CLANG_WARN_DOCUMENTATION_COMMENTS = YES;
				CLANG_WARN_EMPTY_BODY = YES;
				CLANG_WARN_ENUM_CONVERSION = YES;
				CLANG_WARN_INFINITE_RECURSION = YES;
				CLANG_WARN_INT_CONVERSION = YES;
				CLANG_WARN_NON_LITERAL_NULL_CONVERSION = YES;
				CLANG_WARN_OBJC_IMPLICIT_RETAIN_SELF = YES;
				CLANG_WARN_OBJC_LITERAL_CONVERSION = YES;
				CLANG_WARN_OBJC_ROOT_CLASS = YES_ERROR;
				CLANG_WARN_QUOTED_INCLUDE_IN_FRAMEWORK_HEADER = YES;
				CLANG_WARN_RANGE_LOOP_ANALYSIS = YES;
				CLANG_WARN_STRICT_PROTOTYPES = YES;
				CLANG_WARN_SUSPICIOUS_MOVE = YES;
				CLANG_WARN_UNGUARDED_AVAILABILITY = YES_AGGRESSIVE;
				CLANG_WARN_UNREACHABLE_CODE = YES;
				CLANG_WARN__DUPLICATE_METHOD_MATCH = YES;
				COPY_PHASE_STRIP = NO;
				DEBUG_INFORMATION_FORMAT = "dwarf-with-dsym";
				ENABLE_NS_ASSERTIONS = NO;
				ENABLE_STRICT_OBJC_MSGSEND = YES;
				GCC_C_LANGUAGE_STANDARD = gnu11;
				GCC_NO_COMMON_BLOCKS = YES;
				GCC_WARN_64_TO_32_BIT_CONVERSION = YES;
				GCC_WARN_ABOUT_RETURN_TYPE = YES_ERROR;
				GCC_WARN_UNDECLARED_SELECTOR = YES;
				GCC_WARN_UNINITIALIZED_AUTOS = YES_AGGRESSIVE;
				GCC_WARN_UNUSED_FUNCTION = YES;
				GCC_WARN_UNUSED_VARIABLE = YES;
				IPHONEOS_DEPLOYMENT_TARGET = 15.5;
				MTL_ENABLE_DEBUG_INFO = NO;
				MTL_FAST_MATH = YES;
				SDKROOT = iphoneos;
				SWIFT_COMPILATION_MODE = wholemodule;
				SWIFT_OPTIMIZATION_LEVEL = "-O";
				VALIDATE_PRODUCT = YES;
			};
			name = Release;
		};
		0B534E5028893DA600A3C73A /* Debug */ = {
			isa = XCBuildConfiguration;
			buildSettings = {
				ASSETCATALOG_COMPILER_APPICON_NAME = AppIcon;
				ASSETCATALOG_COMPILER_GLOBAL_ACCENT_COLOR_NAME = AccentColor;
				CODE_SIGN_STYLE = Automatic;
				CURRENT_PROJECT_VERSION = 1;
				DEVELOPMENT_TEAM = 59LS7N898H;
				GENERATE_INFOPLIST_FILE = YES;
				INFOPLIST_FILE = SomeDemo/Info.plist;
				INFOPLIST_KEY_UIApplicationSupportsIndirectInputEvents = YES;
				INFOPLIST_KEY_UILaunchStoryboardName = LaunchScreen;
				INFOPLIST_KEY_UIMainStoryboardFile = Main;
				INFOPLIST_KEY_UISupportedInterfaceOrientations_iPad = "UIInterfaceOrientationPortrait UIInterfaceOrientationPortraitUpsideDown UIInterfaceOrientationLandscapeLeft UIInterfaceOrientationLandscapeRight";
				INFOPLIST_KEY_UISupportedInterfaceOrientations_iPhone = "UIInterfaceOrientationPortrait UIInterfaceOrientationLandscapeLeft UIInterfaceOrientationLandscapeRight";
				LD_RUNPATH_SEARCH_PATHS = (
					"$(inherited)",
					"@executable_path/Frameworks",
				);
				MARKETING_VERSION = 1.0;
				PRODUCT_BUNDLE_IDENTIFIER = wmy.test.SomeDemo;
				PRODUCT_NAME = "$(TARGET_NAME)";
				SWIFT_EMIT_LOC_STRINGS = YES;
				SWIFT_VERSION = 5.0;
				TARGETED_DEVICE_FAMILY = "1,2";
			};
			name = Debug;
		};
		0B534E5128893DA600A3C73A /* Release */ = {
			isa = XCBuildConfiguration;
			buildSettings = {
				ASSETCATALOG_COMPILER_APPICON_NAME = AppIcon;
				ASSETCATALOG_COMPILER_GLOBAL_ACCENT_COLOR_NAME = AccentColor;
				CODE_SIGN_STYLE = Automatic;
				CURRENT_PROJECT_VERSION = 1;
				DEVELOPMENT_TEAM = 59LS7N898H;
				GENERATE_INFOPLIST_FILE = YES;
				INFOPLIST_FILE = SomeDemo/Info.plist;
				INFOPLIST_KEY_UIApplicationSupportsIndirectInputEvents = YES;
				INFOPLIST_KEY_UILaunchStoryboardName = LaunchScreen;
				INFOPLIST_KEY_UIMainStoryboardFile = Main;
				INFOPLIST_KEY_UISupportedInterfaceOrientations_iPad = "UIInterfaceOrientationPortrait UIInterfaceOrientationPortraitUpsideDown UIInterfaceOrientationLandscapeLeft UIInterfaceOrientationLandscapeRight";
				INFOPLIST_KEY_UISupportedInterfaceOrientations_iPhone = "UIInterfaceOrientationPortrait UIInterfaceOrientationLandscapeLeft UIInterfaceOrientationLandscapeRight";
				LD_RUNPATH_SEARCH_PATHS = (
					"$(inherited)",
					"@executable_path/Frameworks",
				);
				MARKETING_VERSION = 1.0;
				PRODUCT_BUNDLE_IDENTIFIER = wmy.test.SomeDemo;
				PRODUCT_NAME = "$(TARGET_NAME)";
				SWIFT_EMIT_LOC_STRINGS = YES;
				SWIFT_VERSION = 5.0;
				TARGETED_DEVICE_FAMILY = "1,2";
			};
			name = Release;
		};
		0B534E5328893DA600A3C73A /* Debug */ = {
			isa = XCBuildConfiguration;
			buildSettings = {
				ALWAYS_EMBED_SWIFT_STANDARD_LIBRARIES = YES;
				BUNDLE_LOADER = "$(TEST_HOST)";
				CODE_SIGN_STYLE = Automatic;
				CURRENT_PROJECT_VERSION = 1;
				DEVELOPMENT_TEAM = 59LS7N898H;
				GENERATE_INFOPLIST_FILE = YES;
				IPHONEOS_DEPLOYMENT_TARGET = 15.5;
				MARKETING_VERSION = 1.0;
				PRODUCT_BUNDLE_IDENTIFIER = wmy.test.SomeDemoTests;
				PRODUCT_NAME = "$(TARGET_NAME)";
				SWIFT_EMIT_LOC_STRINGS = NO;
				SWIFT_VERSION = 5.0;
				TARGETED_DEVICE_FAMILY = "1,2";
				TEST_HOST = "$(BUILT_PRODUCTS_DIR)/SomeDemo.app/SomeDemo";
			};
			name = Debug;
		};
		0B534E5428893DA600A3C73A /* Release */ = {
			isa = XCBuildConfiguration;
			buildSettings = {
				ALWAYS_EMBED_SWIFT_STANDARD_LIBRARIES = YES;
				BUNDLE_LOADER = "$(TEST_HOST)";
				CODE_SIGN_STYLE = Automatic;
				CURRENT_PROJECT_VERSION = 1;
				DEVELOPMENT_TEAM = 59LS7N898H;
				GENERATE_INFOPLIST_FILE = YES;
				IPHONEOS_DEPLOYMENT_TARGET = 15.5;
				MARKETING_VERSION = 1.0;
				PRODUCT_BUNDLE_IDENTIFIER = wmy.test.SomeDemoTests;
				PRODUCT_NAME = "$(TARGET_NAME)";
				SWIFT_EMIT_LOC_STRINGS = NO;
				SWIFT_VERSION = 5.0;
				TARGETED_DEVICE_FAMILY = "1,2";
				TEST_HOST = "$(BUILT_PRODUCTS_DIR)/SomeDemo.app/SomeDemo";
			};
			name = Release;
		};
		0B534E5628893DA600A3C73A /* Debug */ = {
			isa = XCBuildConfiguration;
			buildSettings = {
				ALWAYS_EMBED_SWIFT_STANDARD_LIBRARIES = YES;
				CODE_SIGN_STYLE = Automatic;
				CURRENT_PROJECT_VERSION = 1;
				DEVELOPMENT_TEAM = 59LS7N898H;
				GENERATE_INFOPLIST_FILE = YES;
				MARKETING_VERSION = 1.0;
				PRODUCT_BUNDLE_IDENTIFIER = wmy.test.SomeDemoUITests;
				PRODUCT_NAME = "$(TARGET_NAME)";
				SWIFT_EMIT_LOC_STRINGS = NO;
				SWIFT_VERSION = 5.0;
				TARGETED_DEVICE_FAMILY = "1,2";
				TEST_TARGET_NAME = SomeDemo;
			};
			name = Debug;
		};
		0B534E5728893DA600A3C73A /* Release */ = {
			isa = XCBuildConfiguration;
			buildSettings = {
				ALWAYS_EMBED_SWIFT_STANDARD_LIBRARIES = YES;
				CODE_SIGN_STYLE = Automatic;
				CURRENT_PROJECT_VERSION = 1;
				DEVELOPMENT_TEAM = 59LS7N898H;
				GENERATE_INFOPLIST_FILE = YES;
				MARKETING_VERSION = 1.0;
				PRODUCT_BUNDLE_IDENTIFIER = wmy.test.SomeDemoUITests;
				PRODUCT_NAME = "$(TARGET_NAME)";
				SWIFT_EMIT_LOC_STRINGS = NO;
				SWIFT_VERSION = 5.0;
				TARGETED_DEVICE_FAMILY = "1,2";
				TEST_TARGET_NAME = SomeDemo;
			};
			name = Release;
		};
/* End XCBuildConfiguration section */

/* Begin XCConfigurationList section */
		0B534E2028893DA600A3C73A /* Build configuration list for PBXProject "SomeDemo" */ = {
			isa = XCConfigurationList;
			buildConfigurations = (
				0B534E4D28893DA600A3C73A /* Debug */,
				0B534E4E28893DA600A3C73A /* Release */,
			);
			defaultConfigurationIsVisible = 0;
			defaultConfigurationName = Release;
		};
		0B534E4F28893DA600A3C73A /* Build configuration list for PBXNativeTarget "SomeDemo" */ = {
			isa = XCConfigurationList;
			buildConfigurations = (
				0B534E5028893DA600A3C73A /* Debug */,
				0B534E5128893DA600A3C73A /* Release */,
			);
			defaultConfigurationIsVisible = 0;
			defaultConfigurationName = Release;
		};
		0B534E5228893DA600A3C73A /* Build configuration list for PBXNativeTarget "SomeDemoTests" */ = {
			isa = XCConfigurationList;
			buildConfigurations = (
				0B534E5328893DA600A3C73A /* Debug */,
				0B534E5428893DA600A3C73A /* Release */,
			);
			defaultConfigurationIsVisible = 0;
			defaultConfigurationName = Release;
		};
		0B534E5528893DA600A3C73A /* Build configuration list for PBXNativeTarget "SomeDemoUITests" */ = {
			isa = XCConfigurationList;
			buildConfigurations = (
				0B534E5628893DA600A3C73A /* Debug */,
				0B534E5728893DA600A3C73A /* Release */,
			);
			defaultConfigurationIsVisible = 0;
			defaultConfigurationName = Release;
		};
/* End XCConfigurationList section */
	};
	rootObject = 0B534E1D28893DA600A3C73A /* Project object */;
}
